
Microsoft Visual Studio Solution File, Format Version 12.00
# Visual Studio Version 17
VisualStudioVersion = 17.1.32319.34
MinimumVisualStudioVersion = 10.0.40219.1
Project("{FAE04EC0-301F-11D3-BF4B-00C04F79EFBC}") = "Ticket-API", "Ticket-API\Ticket-API.csproj", "{4CFDAD5E-9C5A-4C5B-AF4D-3EB13364BDCB}"
EndProject
Global
	GlobalSection(SolutionConfigurationPlatforms) = preSolution
		Debug|Any CPU = Debug|Any CPU
		Release|Any CPU = Release|Any CPU
	EndGlobalSection
	GlobalSection(ProjectConfigurationPlatforms) = postSolution
		{4CFDAD5E-9C5A-4C5B-AF4D-3EB13364BDCB}.Debug|Any CPU.ActiveCfg = Debug|Any CPU
		{4CFDAD5E-9C5A-4C5B-AF4D-3EB13364BDCB}.Debug|Any CPU.Build.0 = Debug|Any CPU
		{4CFDAD5E-9C5A-4C5B-AF4D-3EB13364BDCB}.Release|Any CPU.ActiveCfg = Release|Any CPU
		{4CFDAD5E-9C5A-4C5B-AF4D-3EB13364BDCB}.Release|Any CPU.Build.0 = Release|Any CPU
	EndGlobalSection
	GlobalSection(SolutionProperties) = preSolution
		HideSolutionNode = FALSE
	EndGlobalSection
	GlobalSection(ExtensibilityGlobals) = postSolution
		SolutionGuid = {02E70F4C-50BE-479B-879F-67360919E639}
	EndGlobalSection
EndGlobal
